
Microsoft Visual Studio Solution File, Format Version 12.00
# Visual Studio Version 16
VisualStudioVersion = 16.0.31229.75
MinimumVisualStudioVersion = 10.0.40219.1
Project("{FAE04EC0-301F-11D3-BF4B-00C04F79EFBC}") = "LoginGUI", "LoginGUI\LoginGUI.csproj", "{7D7B8D06-4223-4A9D-AB2D-A6F4DEB0627C}"
EndProject
Global
	GlobalSection(SolutionConfigurationPlatforms) = preSolution
		Debug|Any CPU = Debug|Any CPU
		Release|Any CPU = Release|Any CPU
	EndGlobalSection
	GlobalSection(ProjectConfigurationPlatforms) = postSolution
		{7D7B8D06-4223-4A9D-AB2D-A6F4DEB0627C}.Debug|Any CPU.ActiveCfg = Debug|Any CPU
		{7D7B8D06-4223-4A9D-AB2D-A6F4DEB0627C}.Debug|Any CPU.Build.0 = Debug|Any CPU
		{7D7B8D06-4223-4A9D-AB2D-A6F4DEB0627C}.Release|Any CPU.ActiveCfg = Release|Any CPU
		{7D7B8D06-4223-4A9D-AB2D-A6F4DEB0627C}.Release|Any CPU.Build.0 = Release|Any CPU
	EndGlobalSection
	GlobalSection(SolutionProperties) = preSolution
		HideSolutionNode = FALSE
	EndGlobalSection
	GlobalSection(ExtensibilityGlobals) = postSolution
		SolutionGuid = {C889FA94-6CBE-4DA4-BDD6-6C76FE9BF310}
	EndGlobalSection
EndGlobal
